Microsoft Visual Studio Solution File, Format Version 12.00
# Visual Studio Version 17
VisualStudioVersion = 17.5.2.0
MinimumVisualStudioVersion = 10.0.40219.1
Project("{9A19103F-16F7-4668-BE54-9A1E7A4F7556}") = ".NET-MinimalAPI", ".NET-MinimalAPI.api\.NET-MinimalAPI.csproj", "{2455D27D-C889-419A-9FF7-59F3E26CB14B}"
EndProject
Project("{9A19103F-16F7-4668-BE54-9A1E7A4F7556}") = ".NET-MinimalAPI.test", ".NET-MinimalAPI.test\.NET-MinimalAPI.test.csproj", "{5AEAF816-037D-421E-A50B-358AA7834AB0}"
EndProject
Global
	GlobalSection(SolutionConfigurationPlatforms) = preSolution
		Debug|Any CPU = Debug|Any CPU
		Release|Any CPU = Release|Any CPU
	EndGlobalSection
	GlobalSection(ProjectConfigurationPlatforms) = postSolution
		{2455D27D-C889-419A-9FF7-59F3E26CB14B}.Debug|Any CPU.ActiveCfg = Debug|Any CPU
		{2455D27D-C889-419A-9FF7-59F3E26CB14B}.Debug|Any CPU.Build.0 = Debug|Any CPU
		{2455D27D-C889-419A-9FF7-59F3E26CB14B}.Release|Any CPU.ActiveCfg = Release|Any CPU
		{2455D27D-C889-419A-9FF7-59F3E26CB14B}.Release|Any CPU.Build.0 = Release|Any CPU
		{5AEAF816-037D-421E-A50B-358AA7834AB0}.Debug|Any CPU.ActiveCfg = Debug|Any CPU
		{5AEAF816-037D-421E-A50B-358AA7834AB0}.Debug|Any CPU.Build.0 = Debug|Any CPU
		{5AEAF816-037D-421E-A50B-358AA7834AB0}.Release|Any CPU.ActiveCfg = Release|Any CPU
		{5AEAF816-037D-421E-A50B-358AA7834AB0}.Release|Any CPU.Build.0 = Release|Any CPU
	EndGlobalSection
	GlobalSection(SolutionProperties) = preSolution
		HideSolutionNode = FALSE
	EndGlobalSection
	GlobalSection(ExtensibilityGlobals) = postSolution
		SolutionGuid = {6B16ABE9-DE3D-4408-8276-E45A5E8E9E77}
	EndGlobalSection
EndGlobal
